# THIS IS AN AUTOGENERATED FILE. DO NOT EDIT THIS FILE DIRECTLY.
# yarn lockfile v1


isomorphic.js@^0.2.2:
  version "0.2.2"
  resolved "https://registry.yarnpkg.com/isomorphic.js/-/isomorphic.js-0.2.2.tgz#4c76fb70d3e207123dead08675ba97eb75f5615a"
  integrity sha512-tWhdHK5vam77zCkNKjpI8vWSrcVmlBeJIlxXgTiGaapgifQr0CfLHuPqMiZhjrI/K71X/aXaJZqUbkHZzg06Hg==

lib0@^0.2.35, lib0@^0.2.38, lib0@^0.2.40:
  version "0.2.40"
  resolved "https://registry.yarnpkg.com/lib0/-/lib0-0.2.40.tgz#7c89c2a7a89f9caaa0a04eaecb944d8e90a731b3"
  integrity sha512-bKJxwll8MdwTTL3Siut6L+FjyF5sewXRE7noDTsRquEYy3Xi1UjtdEMZu46iuTvw9nQ/9p+gKkh1GxL2Kdaphw==
  dependencies:
    isomorphic.js "^0.2.2"

lodash.debounce@^4.0.8:
  version "4.0.8"
  resolved "https://registry.yarnpkg.com/lodash.debounce/-/lodash.debounce-4.0.8.tgz#82d79bff30a67c4005ffd5e2515300ad9ca4d7af"
  integrity sha1-gteb/zCmfEAF/9XiUVMArZyk168=

ws@^7.4.3:
  version "7.4.3"
  resolved "https://registry.yarnpkg.com/ws/-/ws-7.4.3.tgz#1f9643de34a543b8edb124bdcbc457ae55a6e5cd"
  integrity sha512-hr6vCR76GsossIRsr8OLR9acVVm1jyfEWvhbNjtgPOrfvAlKzvyeg/P6r8RuDjRyrcQoPQT7K0DGEPc7Ae6jzA==

y-protocols@^1.0.4:
  version "1.0.4"
  resolved "https://registry.yarnpkg.com/y-protocols/-/y-protocols-1.0.4.tgz#810978c6172474be87457c3bcd669e529c5ba3a1"
  integrity sha512-5/Hd6DJ5Y2SlbqLIKq86BictdOS0iAcWJZCVop8MKqx0XWwA+BbMn4538n4Z0CGjFMUGnG1kGzagk3BKGz5SvQ==
  dependencies:
    lib0 "^0.2.35"

yjs@^13.5.1:
  version "13.5.1"
  resolved "https://registry.yarnpkg.com/yjs/-/yjs-13.5.1.tgz#addf14fb4120ee007497fcad327eae983b6ec220"
  integrity sha512-U4BKBlcgvcYS/MkYYhW6zcE34dyYBvoZLl+9J9oFkYs6dHCXvX6WzZSgxlNnqjZn40jAN12Z0bSugqXuLVf2/g==
  dependencies:
    lib0 "^0.2.38"
